
Microsoft Visual Studio Solution File, Format Version 12.00
# Visual Studio 15
VisualStudioVersion = 15.0.28010.2016
MinimumVisualStudioVersion = 10.0.40219.1
Project("{FAE04EC0-301F-11D3-BF4B-00C04F79EFBC}") = "RotMG Net Lib", "RotMG Net Lib\RotMG Net Lib.csproj", "{ADD0D140-20CA-41CA-A027-22331D6D8573}"
EndProject
Global
	GlobalSection(SolutionConfigurationPlatforms) = preSolution
		Debug|Any CPU = Debug|Any CPU
		Release|Any CPU = Release|Any CPU
	EndGlobalSection
	GlobalSection(ProjectConfigurationPlatforms) = postSolution
		{ADD0D140-20CA-41CA-A027-22331D6D8573}.Debug|Any CPU.ActiveCfg = Debug|Any CPU
		{ADD0D140-20CA-41CA-A027-22331D6D8573}.Debug|Any CPU.Build.0 = Debug|Any CPU
		{ADD0D140-20CA-41CA-A027-22331D6D8573}.Release|Any CPU.ActiveCfg = Release|Any CPU
		{ADD0D140-20CA-41CA-A027-22331D6D8573}.Release|Any CPU.Build.0 = Release|Any CPU
	EndGlobalSection
	GlobalSection(SolutionProperties) = preSolution
		HideSolutionNode = FALSE
	EndGlobalSection
	GlobalSection(ExtensibilityGlobals) = postSolution
		SolutionGuid = {2A07E0C0-C0F1-4948-9EE8-C6484E1786FA}
	EndGlobalSection
EndGlobal
